{
    "_readme": [
        "This file locks the dependencies of your project to a known state",
        "Read more about it at http://getcomposer.org/doc/01-basic-usage.md#composer-lock-the-lock-file"
    ],
    "hash": "3e417e4c14afd6ba70f86c20182aa1cc",
    "packages": [
        {
            "name": "brikou/zend_dom",
            "version": "dev-master",
            "source": {
                "type": "git",
                "url": "https://github.com/brikou/zend_dom.git",
                "reference": "434fb28294d0ebfd47a15cc1922714103c64f9d4"
            },
            "dist": {
                "type": "zip",
                "url": "https://api.github.com/repos/brikou/zend_dom/zipball/434fb28294d0ebfd47a15cc1922714103c64f9d4",
                "reference": "434fb28294d0ebfd47a15cc1922714103c64f9d4",
                "shasum": ""
            },
            "require": {
                "php": ">=5.3.3"
            },
            "type": "library",
            "autoload": {
                "psr-0": {
                    "Zend\\Dom": ""
                }
            },
            "notification-url": "https://packagist.org/downloads/",
            "license": [
                "Zend Framework"
            ],
            "authors": [
                {
                    "name": "Zend Technologies USA, Inc.",
                    "homepage": "http://framework.zend.com/"
                }
            ],
            "description": "Zend Framework Dom Library",
            "homepage": "https://github.com/brikou/zend_dom",
            "keywords": [
                "Zend Framework",
                "dom"
            ],
            "time": "2012-05-09 13:29:23"
        }
    ],
    "packages-dev": [

    ],
    "aliases": [

    ],
    "minimum-stability": "dev",
    "stability-flags": {
        "brikou/zend_dom": 20
    },
    "platform": {
        "php": ">=5.3.3"
    },
    "platform-dev": [

    ]
}
